
Microsoft Visual Studio Solution File, Format Version 12.00
# Visual Studio 15
VisualStudioVersion = 15.0.28307.1267
MinimumVisualStudioVersion = 10.0.40219.1
Project("{FAE04EC0-301F-11D3-BF4B-00C04F79EFBC}") = "webautomasion", "webautomasion\webautomasion.csproj", "{02482C44-39CC-45B5-A9E3-833CB0F20B7B}"
EndProject
Project("{54435603-DBB4-11D2-8724-00A0C9A8B90C}") = "Filename used on sites Setup", "Filename used on sites Setup\Filename used on sites Setup.vdproj", "{CB53F259-9234-43D2-B239-F6C8249A518A}"
EndProject
Global
	GlobalSection(SolutionConfigurationPlatforms) = preSolution
		Debug|Any CPU = Debug|Any CPU
		Release|Any CPU = Release|Any CPU
	EndGlobalSection
	GlobalSection(ProjectConfigurationPlatforms) = postSolution
		{02482C44-39CC-45B5-A9E3-833CB0F20B7B}.Debug|Any CPU.ActiveCfg = Debug|Any CPU
		{02482C44-39CC-45B5-A9E3-833CB0F20B7B}.Debug|Any CPU.Build.0 = Debug|Any CPU
		{02482C44-39CC-45B5-A9E3-833CB0F20B7B}.Release|Any CPU.ActiveCfg = Release|Any CPU
		{02482C44-39CC-45B5-A9E3-833CB0F20B7B}.Release|Any CPU.Build.0 = Release|Any CPU
		{CB53F259-9234-43D2-B239-F6C8249A518A}.Debug|Any CPU.ActiveCfg = Debug
		{CB53F259-9234-43D2-B239-F6C8249A518A}.Release|Any CPU.ActiveCfg = Release
	EndGlobalSection
	GlobalSection(SolutionProperties) = preSolution
		HideSolutionNode = FALSE
	EndGlobalSection
	GlobalSection(ExtensibilityGlobals) = postSolution
		SolutionGuid = {B0304752-C413-4010-AC35-AD30C62F695B}
	EndGlobalSection
EndGlobal
